
Microsoft Visual Studio Solution File, Format Version 11.00
# Visual Basic Express 2010
Project("{F184B08F-C81C-45F6-A57F-5ABD9991F28F}") = "DNHS", "DNHS\DNHS.vbproj", "{25ED8486-E63C-44C4-9E29-0286CD0F582D}"
EndProject
Global
	GlobalSection(SolutionConfigurationPlatforms) = preSolution
		Debug|x86 = Debug|x86
		Release|x86 = Release|x86
	EndGlobalSection
	GlobalSection(ProjectConfigurationPlatforms) = postSolution
		{25ED8486-E63C-44C4-9E29-0286CD0F582D}.Debug|x86.ActiveCfg = Debug|x86
		{25ED8486-E63C-44C4-9E29-0286CD0F582D}.Debug|x86.Build.0 = Debug|x86
		{25ED8486-E63C-44C4-9E29-0286CD0F582D}.Release|x86.ActiveCfg = Release|x86
		{25ED8486-E63C-44C4-9E29-0286CD0F582D}.Release|x86.Build.0 = Release|x86
	EndGlobalSection
	GlobalSection(SolutionProperties) = preSolution
		HideSolutionNode = FALSE
	EndGlobalSection
EndGlobal
